// !$*UTF8*$!
{
	archiveVersion = 1;
	classes = {
	};
	objectVersion = 51;
	objects = {

/* Begin PBXBuildFile section */
		F010DA4725C5568300DC5F74 /* UIView+Extensions.swift in Sources */ = {isa = PBXBuildFile; fileRef = F010DA4625C5568300DC5F74 /* UIView+Extensions.swift */; };
		F010DA4925C56C7100DC5F74 /* UIBarButtonItem+Extensions.swift in Sources */ = {isa = PBXBuildFile; fileRef = F010DA4825C56C7100DC5F74 /* UIBarButtonItem+Extensions.swift */; };
		F010DA4B25C59F0900DC5F74 /* Date+Extensions.swift in Sources */ = {isa = PBXBuildFile; fileRef = F010DA4A25C59F0900DC5F74 /* Date+Extensions.swift */; };
		F010DA4F25C5F84E00DC5F74 /* DetailTableViewController.swift in Sources */ = {isa = PBXBuildFile; fileRef = F010DA4D25C5F84E00DC5F74 /* DetailTableViewController.swift */; };
		F010DA5025C5F84E00DC5F74 /* DetailTableViewController.xib in Resources */ = {isa = PBXBuildFile; fileRef = F010DA4E25C5F84E00DC5F74 /* DetailTableViewController.xib */; };
		F010DA5E25C5FE5700DC5F74 /* DetailTableViewCell.swift in Sources */ = {isa = PBXBuildFile; fileRef = F010DA5C25C5FE5700DC5F74 /* DetailTableViewCell.swift */; };
		F010DA5F25C5FE5700DC5F74 /* DetailTableViewCell.xib in Resources */ = {isa = PBXBuildFile; fileRef = F010DA5D25C5FE5700DC5F74 /* DetailTableViewCell.xib */; };
		F010DA6225C606F500DC5F74 /* DetailViewModel.swift in Sources */ = {isa = PBXBuildFile; fileRef = F010DA6125C606F500DC5F74 /* DetailViewModel.swift */; };
		F010DA6525C6083500DC5F74 /* FormatterManager.swift in Sources */ = {isa = PBXBuildFile; fileRef = F010DA6425C6083500DC5F74 /* FormatterManager.swift */; };
		F010DA6725C6EF2400DC5F74 /* Data+Extensions.swift in Sources */ = {isa = PBXBuildFile; fileRef = F010DA6625C6EF2400DC5F74 /* Data+Extensions.swift */; };
		F010DA6925C6F11800DC5F74 /* StringProtocol+Extensions.swift in Sources */ = {isa = PBXBuildFile; fileRef = F010DA6825C6F11700DC5F74 /* StringProtocol+Extensions.swift */; };
		F010DA6C25C7344B00DC5F74 /* ImageTableHeaderCollectionView.xib in Resources */ = {isa = PBXBuildFile; fileRef = F010DA6B25C7344B00DC5F74 /* ImageTableHeaderCollectionView.xib */; };
		F010DA6E25C7346500DC5F74 /* ImageTableHeaderCollectionView.swift in Sources */ = {isa = PBXBuildFile; fileRef = F010DA6D25C7346500DC5F74 /* ImageTableHeaderCollectionView.swift */; };
		F010DA7225C735B500DC5F74 /* CollectionViewCell.swift in Sources */ = {isa = PBXBuildFile; fileRef = F010DA7025C735B500DC5F74 /* CollectionViewCell.swift */; };
		F010DA7325C735B500DC5F74 /* CollectionViewCell.xib in Resources */ = {isa = PBXBuildFile; fileRef = F010DA7125C735B500DC5F74 /* CollectionViewCell.xib */; };
		F010DA7525C736CD00DC5F74 /* CollectionViewModel.swift in Sources */ = {isa = PBXBuildFile; fileRef = F010DA7425C736CD00DC5F74 /* CollectionViewModel.swift */; };
		F010DA7925C8015800DC5F74 /* FullScreenViewController.swift in Sources */ = {isa = PBXBuildFile; fileRef = F010DA7725C8015800DC5F74 /* FullScreenViewController.swift */; };
		F010DA7A25C8015800DC5F74 /* FullScreenViewController.xib in Resources */ = {isa = PBXBuildFile; fileRef = F010DA7825C8015800DC5F74 /* FullScreenViewController.xib */; };
		F010DA7E25C8038400DC5F74 /* FullscreenCollectionViewCell.swift in Sources */ = {isa = PBXBuildFile; fileRef = F010DA7C25C8038400DC5F74 /* FullscreenCollectionViewCell.swift */; };
		F010DA7F25C8038400DC5F74 /* FullscreenCollectionViewCell.xib in Resources */ = {isa = PBXBuildFile; fileRef = F010DA7D25C8038400DC5F74 /* FullscreenCollectionViewCell.xib */; };
		F010DA8125C80CEF00DC5F74 /* ResolutionManager.swift in Sources */ = {isa = PBXBuildFile; fileRef = F010DA8025C80CEF00DC5F74 /* ResolutionManager.swift */; };
		F0301ED325C4478300B16166 /* ContentViewController.swift in Sources */ = {isa = PBXBuildFile; fileRef = F0301ED125C4478300B16166 /* ContentViewController.swift */; };
		F0301ED425C4478300B16166 /* ContentViewController.xib in Resources */ = {isa = PBXBuildFile; fileRef = F0301ED225C4478300B16166 /* ContentViewController.xib */; };
		F0301ED725C44B1100B16166 /* MyFloatingPanelLayout.swift in Sources */ = {isa = PBXBuildFile; fileRef = F0301ED625C44B1100B16166 /* MyFloatingPanelLayout.swift */; };
		F0301EDA25C44BC400B16166 /* FloatingPanel+Extensions.swift in Sources */ = {isa = PBXBuildFile; fileRef = F0301ED925C44BC400B16166 /* FloatingPanel+Extensions.swift */; };
		F0301EDE25C44DEB00B16166 /* ListViewController.swift in Sources */ = {isa = PBXBuildFile; fileRef = F0301EDC25C44DEB00B16166 /* ListViewController.swift */; };
		F0301EDF25C44DEB00B16166 /* ListViewController.xib in Resources */ = {isa = PBXBuildFile; fileRef = F0301EDD25C44DEB00B16166 /* ListViewController.xib */; };
		F0EFB32825C297D8005445C7 /* AppDelegate.swift in Sources */ = {isa = PBXBuildFile; fileRef = F0EFB32725C297D8005445C7 /* AppDelegate.swift */; };
		F0EFB32F25C297D8005445C7 /* Main.storyboard in Resources */ = {isa = PBXBuildFile; fileRef = F0EFB32D25C297D8005445C7 /* Main.storyboard */; };
		F0EFB33125C297DA005445C7 /* Assets.xcassets in Resources */ = {isa = PBXBuildFile; fileRef = F0EFB33025C297DA005445C7 /* Assets.xcassets */; };
		F0EFB33425C297DA005445C7 /* LaunchScreen.storyboard in Resources */ = {isa = PBXBuildFile; fileRef = F0EFB33225C297DA005445C7 /* LaunchScreen.storyboard */; };
		F0EFB34725C29A24005445C7 /* ListTableViewCell.swift in Sources */ = {isa = PBXBuildFile; fileRef = F0EFB34525C29A24005445C7 /* ListTableViewCell.swift */; };
		F0EFB34825C29A24005445C7 /* ListTableViewCell.xib in Resources */ = {isa = PBXBuildFile; fileRef = F0EFB34625C29A24005445C7 /* ListTableViewCell.xib */; };
		F0EFB35025C2B228005445C7 /* VehicleDetailModel.swift in Sources */ = {isa = PBXBuildFile; fileRef = F0EFB34F25C2B228005445C7 /* VehicleDetailModel.swift */; };
		F0EFB35225C2B23E005445C7 /* VehiclesListModel.swift in Sources */ = {isa = PBXBuildFile; fileRef = F0EFB35125C2B23E005445C7 /* VehiclesListModel.swift */; };
		F0EFB35525C2B30C005445C7 /* ServiceClient.swift in Sources */ = {isa = PBXBuildFile; fileRef = F0EFB35425C2B30C005445C7 /* ServiceClient.swift */; };
		F0EFB35725C2B3D2005445C7 /* VehicleRouter.swift in Sources */ = {isa = PBXBuildFile; fileRef = F0EFB35625C2B3D2005445C7 /* VehicleRouter.swift */; };
		F0EFB35925C2B715005445C7 /* NetworkConstants.swift in Sources */ = {isa = PBXBuildFile; fileRef = F0EFB35825C2B715005445C7 /* NetworkConstants.swift */; };
		F0EFB35B25C2BDDF005445C7 /* VehicleClient.swift in Sources */ = {isa = PBXBuildFile; fileRef = F0EFB35A25C2BDDF005445C7 /* VehicleClient.swift */; };
		F0EFB35E25C2E4F9005445C7 /* ListViewModel.swift in Sources */ = {isa = PBXBuildFile; fileRef = F0EFB35D25C2E4F9005445C7 /* ListViewModel.swift */; };
		F9B4C28B126D3EC9723FDC6B /* Pods_Arabamcom_iOS_Assignment.framework in Frameworks */ = {isa = PBXBuildFile; fileRef = AE283BB4908EEB8CCD25819B /* Pods_Arabamcom_iOS_Assignment.framework */; };
/* End PBXBuildFile section */

/* Begin PBXFileReference section */
		3E6DC78C9D85AEA1EDFBB0BA /* Pods-Arabamcom-iOS-Assignment.debug.xcconfig */ = {isa = PBXFileReference; includeInIndex = 1; lastKnownFileType = text.xcconfig; name = "Pods-Arabamcom-iOS-Assignment.debug.xcconfig"; path = "Target Support Files/Pods-Arabamcom-iOS-Assignment/Pods-Arabamcom-iOS-Assignment.debug.xcconfig"; sourceTree = "<group>"; };
		57995A92BF228C9E9FC0EB40 /* Pods-Arabamcom-iOS-Assignment.release.xcconfig */ = {isa = PBXFileReference; includeInIndex = 1; lastKnownFileType = text.xcconfig; name = "Pods-Arabamcom-iOS-Assignment.release.xcconfig"; path = "Target Support Files/Pods-Arabamcom-iOS-Assignment/Pods-Arabamcom-iOS-Assignment.release.xcconfig"; sourceTree = "<group>"; };
		AE283BB4908EEB8CCD25819B /* Pods_Arabamcom_iOS_Assignment.framework */ = {isa = PBXFileReference; explicitFileType = wrapper.framework; includeInIndex = 0; path = Pods_Arabamcom_iOS_Assignment.framework; sourceTree = BUILT_PRODUCTS_DIR; };
		F010DA4625C5568300DC5F74 /* UIView+Extensions.swift */ = {isa = PBXFileReference; lastKnownFileType = sourcecode.swift; path = "UIView+Extensions.swift"; sourceTree = "<group>"; };
		F010DA4825C56C7100DC5F74 /* UIBarButtonItem+Extensions.swift */ = {isa = PBXFileReference; lastKnownFileType = sourcecode.swift; path = "UIBarButtonItem+Extensions.swift"; sourceTree = "<group>"; };
		F010DA4A25C59F0900DC5F74 /* Date+Extensions.swift */ = {isa = PBXFileReference; lastKnownFileType = sourcecode.swift; path = "Date+Extensions.swift"; sourceTree = "<group>"; };
		F010DA4D25C5F84E00DC5F74 /* DetailTableViewController.swift */ = {isa = PBXFileReference; lastKnownFileType = sourcecode.swift; path = DetailTableViewController.swift; sourceTree = "<group>"; };
		F010DA4E25C5F84E00DC5F74 /* DetailTableViewController.xib */ = {isa = PBXFileReference; lastKnownFileType = file.xib; path = DetailTableViewController.xib; sourceTree = "<group>"; };
		F010DA5C25C5FE5700DC5F74 /* DetailTableViewCell.swift */ = {isa = PBXFileReference; lastKnownFileType = sourcecode.swift; path = DetailTableViewCell.swift; sourceTree = "<group>"; };
		F010DA5D25C5FE5700DC5F74 /* DetailTableViewCell.xib */ = {isa = PBXFileReference; lastKnownFileType = file.xib; path = DetailTableViewCell.xib; sourceTree = "<group>"; };
		F010DA6125C606F500DC5F74 /* DetailViewModel.swift */ = {isa = PBXFileReference; lastKnownFileType = sourcecode.swift; path = DetailViewModel.swift; sourceTree = "<group>"; };
		F010DA6425C6083500DC5F74 /* FormatterManager.swift */ = {isa = PBXFileReference; lastKnownFileType = sourcecode.swift; path = FormatterManager.swift; sourceTree = "<group>"; };
		F010DA6625C6EF2400DC5F74 /* Data+Extensions.swift */ = {isa = PBXFileReference; lastKnownFileType = sourcecode.swift; path = "Data+Extensions.swift"; sourceTree = "<group>"; };
		F010DA6825C6F11700DC5F74 /* StringProtocol+Extensions.swift */ = {isa = PBXFileReference; lastKnownFileType = sourcecode.swift; path = "StringProtocol+Extensions.swift"; sourceTree = "<group>"; };
		F010DA6B25C7344B00DC5F74 /* ImageTableHeaderCollectionView.xib */ = {isa = PBXFileReference; lastKnownFileType = file.xib; path = ImageTableHeaderCollectionView.xib; sourceTree = "<group>"; };
		F010DA6D25C7346500DC5F74 /* ImageTableHeaderCollectionView.swift */ = {isa = PBXFileReference; lastKnownFileType = sourcecode.swift; path = ImageTableHeaderCollectionView.swift; sourceTree = "<group>"; };
		F010DA7025C735B500DC5F74 /* CollectionViewCell.swift */ = {isa = PBXFileReference; lastKnownFileType = sourcecode.swift; path = CollectionViewCell.swift; sourceTree = "<group>"; };
		F010DA7125C735B500DC5F74 /* CollectionViewCell.xib */ = {isa = PBXFileReference; lastKnownFileType = file.xib; path = CollectionViewCell.xib; sourceTree = "<group>"; };
		F010DA7425C736CD00DC5F74 /* CollectionViewModel.swift */ = {isa = PBXFileReference; lastKnownFileType = sourcecode.swift; path = CollectionViewModel.swift; sourceTree = "<group>"; };
		F010DA7725C8015800DC5F74 /* FullScreenViewController.swift */ = {isa = PBXFileReference; lastKnownFileType = sourcecode.swift; path = FullScreenViewController.swift; sourceTree = "<group>"; };
		F010DA7825C8015800DC5F74 /* FullScreenViewController.xib */ = {isa = PBXFileReference; lastKnownFileType = file.xib; path = FullScreenViewController.xib; sourceTree = "<group>"; };
		F010DA7C25C8038400DC5F74 /* FullscreenCollectionViewCell.swift */ = {isa = PBXFileReference; lastKnownFileType = sourcecode.swift; path = FullscreenCollectionViewCell.swift; sourceTree = "<group>"; };
		F010DA7D25C8038400DC5F74 /* FullscreenCollectionViewCell.xib */ = {isa = PBXFileReference; lastKnownFileType = file.xib; path = FullscreenCollectionViewCell.xib; sourceTree = "<group>"; };
		F010DA8025C80CEF00DC5F74 /* ResolutionManager.swift */ = {isa = PBXFileReference; lastKnownFileType = sourcecode.swift; path = ResolutionManager.swift; sourceTree = "<group>"; };
		F0301ED125C4478300B16166 /* ContentViewController.swift */ = {isa = PBXFileReference; lastKnownFileType = sourcecode.swift; path = ContentViewController.swift; sourceTree = "<group>"; };
		F0301ED225C4478300B16166 /* ContentViewController.xib */ = {isa = PBXFileReference; lastKnownFileType = file.xib; path = ContentViewController.xib; sourceTree = "<group>"; };
		F0301ED625C44B1100B16166 /* MyFloatingPanelLayout.swift */ = {isa = PBXFileReference; lastKnownFileType = sourcecode.swift; path = MyFloatingPanelLayout.swift; sourceTree = "<group>"; };
		F0301ED925C44BC400B16166 /* FloatingPanel+Extensions.swift */ = {isa = PBXFileReference; lastKnownFileType = sourcecode.swift; path = "FloatingPanel+Extensions.swift"; sourceTree = "<group>"; };
		F0301EDC25C44DEB00B16166 /* ListViewController.swift */ = {isa = PBXFileReference; lastKnownFileType = sourcecode.swift; path = ListViewController.swift; sourceTree = "<group>"; };
		F0301EDD25C44DEB00B16166 /* ListViewController.xib */ = {isa = PBXFileReference; lastKnownFileType = file.xib; path = ListViewController.xib; sourceTree = "<group>"; };
		F0EFB32425C297D8005445C7 /* Arabamcom-iOS-Assignment.app */ = {isa = PBXFileReference; explicitFileType = wrapper.application; includeInIndex = 0; path = "Arabamcom-iOS-Assignment.app"; sourceTree = BUILT_PRODUCTS_DIR; };
		F0EFB32725C297D8005445C7 /* AppDelegate.swift */ = {isa = PBXFileReference; lastKnownFileType = sourcecode.swift; path = AppDelegate.swift; sourceTree = "<group>"; };
		F0EFB32E25C297D8005445C7 /* Base */ = {isa = PBXFileReference; lastKnownFileType = file.storyboard; name = Base; path = Base.lproj/Main.storyboard; sourceTree = "<group>"; };
		F0EFB33025C297DA005445C7 /* Assets.xcassets */ = {isa = PBXFileReference; lastKnownFileType = folder.assetcatalog; path = Assets.xcassets; sourceTree = "<group>"; };
		F0EFB33325C297DA005445C7 /* Base */ = {isa = PBXFileReference; lastKnownFileType = file.storyboard; name = Base; path = Base.lproj/LaunchScreen.storyboard; sourceTree = "<group>"; };
		F0EFB33525C297DA005445C7 /* Info.plist */ = {isa = PBXFileReference; lastKnownFileType = text.plist.xml; path = Info.plist; sourceTree = "<group>"; };
		F0EFB34525C29A24005445C7 /* ListTableViewCell.swift */ = {isa = PBXFileReference; lastKnownFileType = sourcecode.swift; path = ListTableViewCell.swift; sourceTree = "<group>"; };
		F0EFB34625C29A24005445C7 /* ListTableViewCell.xib */ = {isa = PBXFileReference; lastKnownFileType = file.xib; path = ListTableViewCell.xib; sourceTree = "<group>"; };
		F0EFB34F25C2B228005445C7 /* VehicleDetailModel.swift */ = {isa = PBXFileReference; lastKnownFileType = sourcecode.swift; path = VehicleDetailModel.swift; sourceTree = "<group>"; };
		F0EFB35125C2B23E005445C7 /* VehiclesListModel.swift */ = {isa = PBXFileReference; lastKnownFileType = sourcecode.swift; path = VehiclesListModel.swift; sourceTree = "<group>"; };
		F0EFB35425C2B30C005445C7 /* ServiceClient.swift */ = {isa = PBXFileReference; lastKnownFileType = sourcecode.swift; path = ServiceClient.swift; sourceTree = "<group>"; };
		F0EFB35625C2B3D2005445C7 /* VehicleRouter.swift */ = {isa = PBXFileReference; lastKnownFileType = sourcecode.swift; path = VehicleRouter.swift; sourceTree = "<group>"; };
		F0EFB35825C2B715005445C7 /* NetworkConstants.swift */ = {isa = PBXFileReference; lastKnownFileType = sourcecode.swift; path = NetworkConstants.swift; sourceTree = "<group>"; };
		F0EFB35A25C2BDDF005445C7 /* VehicleClient.swift */ = {isa = PBXFileReference; lastKnownFileType = sourcecode.swift; path = VehicleClient.swift; sourceTree = "<group>"; };
		F0EFB35D25C2E4F9005445C7 /* ListViewModel.swift */ = {isa = PBXFileReference; lastKnownFileType = sourcecode.swift; path = ListViewModel.swift; sourceTree = "<group>"; };
/* End PBXFileReference section */

/* Begin PBXFrameworksBuildPhase section */
		F0EFB32125C297D8005445C7 /* Frameworks */ = {
			isa = PBXFrameworksBuildPhase;
			buildActionMask = 2147483647;
			files = (
				F9B4C28B126D3EC9723FDC6B /* Pods_Arabamcom_iOS_Assignment.framework in Frameworks */,
			);
			runOnlyForDeploymentPostprocessing = 0;
		};
/* End PBXFrameworksBuildPhase section */

/* Begin PBXGroup section */
		32C8CED56F4C6DAFCFA15326 /* Pods */ = {
			isa = PBXGroup;
			children = (
				3E6DC78C9D85AEA1EDFBB0BA /* Pods-Arabamcom-iOS-Assignment.debug.xcconfig */,
				57995A92BF228C9E9FC0EB40 /* Pods-Arabamcom-iOS-Assignment.release.xcconfig */,
			);
			path = Pods;
			sourceTree = "<group>";
		};
		F010DA4C25C5F4E600DC5F74 /* Detail VC */ = {
			isa = PBXGroup;
			children = (
				F010DA4D25C5F84E00DC5F74 /* DetailTableViewController.swift */,
				F010DA4E25C5F84E00DC5F74 /* DetailTableViewController.xib */,
			);
			name = "Detail VC";
			sourceTree = "<group>";
		};
		F010DA5125C5F88F00DC5F74 /* Custom Views */ = {
			isa = PBXGroup;
			children = (
				F010DA6A25C7341500DC5F74 /* ImageTableHeaderView */,
			);
			name = "Custom Views";
			sourceTree = "<group>";
		};
		F010DA5B25C5FDF000DC5F74 /* Custom Cells */ = {
			isa = PBXGroup;
			children = (
				F010DA7B25C8035A00DC5F74 /* Fullscreen CollectionView Cell */,
				F010DA6F25C7358E00DC5F74 /* Collection View Cell */,
				F0EFB34425C29A0B005445C7 /* List Cell */,
				F010DA6025C5FE5C00DC5F74 /* Detail Cell */,
			);
			name = "Custom Cells";
			sourceTree = "<group>";
		};
		F010DA6025C5FE5C00DC5F74 /* Detail Cell */ = {
			isa = PBXGroup;
			children = (
				F010DA5C25C5FE5700DC5F74 /* DetailTableViewCell.swift */,
				F010DA5D25C5FE5700DC5F74 /* DetailTableViewCell.xib */,
			);
			name = "Detail Cell";
			sourceTree = "<group>";
		};
		F010DA6325C6082300DC5F74 /* Managers */ = {
			isa = PBXGroup;
			children = (
				F010DA6425C6083500DC5F74 /* FormatterManager.swift */,
				F010DA8025C80CEF00DC5F74 /* ResolutionManager.swift */,
			);
			name = Managers;
			sourceTree = "<group>";
		};
		F010DA6A25C7341500DC5F74 /* ImageTableHeaderView */ = {
			isa = PBXGroup;
			children = (
				F010DA6B25C7344B00DC5F74 /* ImageTableHeaderCollectionView.xib */,
				F010DA6D25C7346500DC5F74 /* ImageTableHeaderCollectionView.swift */,
			);
			name = ImageTableHeaderView;
			sourceTree = "<group>";
		};
		F010DA6F25C7358E00DC5F74 /* Collection View Cell */ = {
			isa = PBXGroup;
			children = (
				F010DA7025C735B500DC5F74 /* CollectionViewCell.swift */,
				F010DA7125C735B500DC5F74 /* CollectionViewCell.xib */,
			);
			name = "Collection View Cell";
			sourceTree = "<group>";
		};
		F010DA7625C800B800DC5F74 /* Full Screen VC */ = {
			isa = PBXGroup;
			children = (
				F010DA7725C8015800DC5F74 /* FullScreenViewController.swift */,
				F010DA7825C8015800DC5F74 /* FullScreenViewController.xib */,
			);
			name = "Full Screen VC";
			sourceTree = "<group>";
		};
		F010DA7B25C8035A00DC5F74 /* Fullscreen CollectionView Cell */ = {
			isa = PBXGroup;
			children = (
				F010DA7C25C8038400DC5F74 /* FullscreenCollectionViewCell.swift */,
				F010DA7D25C8038400DC5F74 /* FullscreenCollectionViewCell.xib */,
			);
			name = "Fullscreen CollectionView Cell";
			sourceTree = "<group>";
		};
		F0301ED025C4476900B16166 /* Content VC */ = {
			isa = PBXGroup;
			children = (
				F0301ED125C4478300B16166 /* ContentViewController.swift */,
				F0301ED225C4478300B16166 /* ContentViewController.xib */,
			);
			name = "Content VC";
			sourceTree = "<group>";
		};
		F0301ED525C44AF700B16166 /* Helpers */ = {
			isa = PBXGroup;
			children = (
				F010DA6325C6082300DC5F74 /* Managers */,
				F0301ED625C44B1100B16166 /* MyFloatingPanelLayout.swift */,
				F0301ED825C44BAA00B16166 /* Extensions */,
			);
			name = Helpers;
			sourceTree = "<group>";
		};
		F0301ED825C44BAA00B16166 /* Extensions */ = {
			isa = PBXGroup;
			children = (
				F0301ED925C44BC400B16166 /* FloatingPanel+Extensions.swift */,
				F010DA4625C5568300DC5F74 /* UIView+Extensions.swift */,
				F010DA4825C56C7100DC5F74 /* UIBarButtonItem+Extensions.swift */,
				F010DA4A25C59F0900DC5F74 /* Date+Extensions.swift */,
				F010DA6625C6EF2400DC5F74 /* Data+Extensions.swift */,
				F010DA6825C6F11700DC5F74 /* StringProtocol+Extensions.swift */,
			);
			name = Extensions;
			sourceTree = "<group>";
		};
		F0301EDB25C44DD000B16166 /* List VC  */ = {
			isa = PBXGroup;
			children = (
				F0301EDC25C44DEB00B16166 /* ListViewController.swift */,
				F0301EDD25C44DEB00B16166 /* ListViewController.xib */,
			);
			name = "List VC ";
			sourceTree = "<group>";
		};
		F0B9D9B9ABCB2D4CD3425060 /* Frameworks */ = {
			isa = PBXGroup;
			children = (
				AE283BB4908EEB8CCD25819B /* Pods_Arabamcom_iOS_Assignment.framework */,
			);
			name = Frameworks;
			sourceTree = "<group>";
		};
		F0EFB31B25C297D8005445C7 = {
			isa = PBXGroup;
			children = (
				F0EFB32625C297D8005445C7 /* Arabamcom-iOS-Assignment */,
				F0EFB32525C297D8005445C7 /* Products */,
				32C8CED56F4C6DAFCFA15326 /* Pods */,
				F0B9D9B9ABCB2D4CD3425060 /* Frameworks */,
			);
			sourceTree = "<group>";
		};
		F0EFB32525C297D8005445C7 /* Products */ = {
			isa = PBXGroup;
			children = (
				F0EFB32425C297D8005445C7 /* Arabamcom-iOS-Assignment.app */,
			);
			name = Products;
			sourceTree = "<group>";
		};
		F0EFB32625C297D8005445C7 /* Arabamcom-iOS-Assignment */ = {
			isa = PBXGroup;
			children = (
				F0EFB33B25C29846005445C7 /* App */,
				F0EFB34E25C2B215005445C7 /* Models */,
				F0EFB35325C2B2A8005445C7 /* Network */,
				F0301ED525C44AF700B16166 /* Helpers */,
				F0EFB33D25C29968005445C7 /* View Controllers */,
				F0EFB33E25C2997C005445C7 /* Views */,
				F0EFB35C25C2E4E8005445C7 /* ViewModels */,
				F0EFB33C25C29959005445C7 /* View Utilities */,
				F0EFB33525C297DA005445C7 /* Info.plist */,
			);
			path = "Arabamcom-iOS-Assignment";
			sourceTree = "<group>";
		};
		F0EFB33B25C29846005445C7 /* App */ = {
			isa = PBXGroup;
			children = (
				F0EFB32725C297D8005445C7 /* AppDelegate.swift */,
			);
			name = App;
			sourceTree = "<group>";
		};
		F0EFB33C25C29959005445C7 /* View Utilities */ = {
			isa = PBXGroup;
			children = (
				F0EFB32D25C297D8005445C7 /* Main.storyboard */,
				F0EFB33025C297DA005445C7 /* Assets.xcassets */,
				F0EFB33225C297DA005445C7 /* LaunchScreen.storyboard */,
			);
			name = "View Utilities";
			sourceTree = "<group>";
		};
		F0EFB33D25C29968005445C7 /* View Controllers */ = {
			isa = PBXGroup;
			children = (
				F010DA7625C800B800DC5F74 /* Full Screen VC */,
				F010DA4C25C5F4E600DC5F74 /* Detail VC */,
				F0301ED025C4476900B16166 /* Content VC */,
				F0301EDB25C44DD000B16166 /* List VC  */,
			);
			name = "View Controllers";
			sourceTree = "<group>";
		};
		F0EFB33E25C2997C005445C7 /* Views */ = {
			isa = PBXGroup;
			children = (
				F010DA5125C5F88F00DC5F74 /* Custom Views */,
				F010DA5B25C5FDF000DC5F74 /* Custom Cells */,
			);
			name = Views;
			sourceTree = "<group>";
		};
		F0EFB34425C29A0B005445C7 /* List Cell */ = {
			isa = PBXGroup;
			children = (
				F0EFB34525C29A24005445C7 /* ListTableViewCell.swift */,
				F0EFB34625C29A24005445C7 /* ListTableViewCell.xib */,
			);
			name = "List Cell";
			sourceTree = "<group>";
		};
		F0EFB34E25C2B215005445C7 /* Models */ = {
			isa = PBXGroup;
			children = (
				F0EFB34F25C2B228005445C7 /* VehicleDetailModel.swift */,
				F0EFB35125C2B23E005445C7 /* VehiclesListModel.swift */,
			);
			name = Models;
			sourceTree = "<group>";
		};
		F0EFB35325C2B2A8005445C7 /* Network */ = {
			isa = PBXGroup;
			children = (
				F0EFB35425C2B30C005445C7 /* ServiceClient.swift */,
				F0EFB35625C2B3D2005445C7 /* VehicleRouter.swift */,
				F0EFB35825C2B715005445C7 /* NetworkConstants.swift */,
				F0EFB35A25C2BDDF005445C7 /* VehicleClient.swift */,
			);
			name = Network;
			sourceTree = "<group>";
		};
		F0EFB35C25C2E4E8005445C7 /* ViewModels */ = {
			isa = PBXGroup;
			children = (
				F0EFB35D25C2E4F9005445C7 /* ListViewModel.swift */,
				F010DA6125C606F500DC5F74 /* DetailViewModel.swift */,
				F010DA7425C736CD00DC5F74 /* CollectionViewModel.swift */,
			);
			name = ViewModels;
			sourceTree = "<group>";
		};
/* End PBXGroup section */

/* Begin PBXNativeTarget section */
		F0EFB32325C297D8005445C7 /* Arabamcom-iOS-Assignment */ = {
			isa = PBXNativeTarget;
			buildConfigurationList = F0EFB33825C297DA005445C7 /* Build configuration list for PBXNativeTarget "Arabamcom-iOS-Assignment" */;
			buildPhases = (
				4E0F54EDC7917A131CAFFDF4 /* [CP] Check Pods Manifest.lock */,
				F0EFB32025C297D8005445C7 /* Sources */,
				F0EFB32125C297D8005445C7 /* Frameworks */,
				F0EFB32225C297D8005445C7 /* Resources */,
				2D6C1A29A90E7792FA09B0D6 /* [CP] Embed Pods Frameworks */,
			);
			buildRules = (
			);
			dependencies = (
			);
			name = "Arabamcom-iOS-Assignment";
			productName = "Arabamcom-iOS-Assignment";
			productReference = F0EFB32425C297D8005445C7 /* Arabamcom-iOS-Assignment.app */;
			productType = "com.apple.product-type.application";
		};
/* End PBXNativeTarget section */

/* Begin PBXProject section */
		F0EFB31C25C297D8005445C7 /* Project object */ = {
			isa = PBXProject;
			attributes = {
				LastSwiftUpdateCheck = 1170;
				LastUpgradeCheck = 1170;
				ORGANIZATIONNAME = Mehmet;
				TargetAttributes = {
					F0EFB32325C297D8005445C7 = {
						CreatedOnToolsVersion = 11.7;
					};
				};
			};
			buildConfigurationList = F0EFB31F25C297D8005445C7 /* Build configuration list for PBXProject "Arabamcom-iOS-Assignment" */;
			compatibilityVersion = "Xcode 9.3";
			developmentRegion = en;
			hasScannedForEncodings = 0;
			knownRegions = (
				en,
				Base,
			);
			mainGroup = F0EFB31B25C297D8005445C7;
			productRefGroup = F0EFB32525C297D8005445C7 /* Products */;
			projectDirPath = "";
			projectRoot = "";
			targets = (
				F0EFB32325C297D8005445C7 /* Arabamcom-iOS-Assignment */,
			);
		};
/* End PBXProject section */

/* Begin PBXResourcesBuildPhase section */
		F0EFB32225C297D8005445C7 /* Resources */ = {
			isa = PBXResourcesBuildPhase;
			buildActionMask = 2147483647;
			files = (
				F010DA6C25C7344B00DC5F74 /* ImageTableHeaderCollectionView.xib in Resources */,
				F0EFB33425C297DA005445C7 /* LaunchScreen.storyboard in Resources */,
				F010DA7F25C8038400DC5F74 /* FullscreenCollectionViewCell.xib in Resources */,
				F010DA7325C735B500DC5F74 /* CollectionViewCell.xib in Resources */,
				F010DA5F25C5FE5700DC5F74 /* DetailTableViewCell.xib in Resources */,
				F0EFB33125C297DA005445C7 /* Assets.xcassets in Resources */,
				F010DA5025C5F84E00DC5F74 /* DetailTableViewController.xib in Resources */,
				F0301EDF25C44DEB00B16166 /* ListViewController.xib in Resources */,
				F0301ED425C4478300B16166 /* ContentViewController.xib in Resources */,
				F010DA7A25C8015800DC5F74 /* FullScreenViewController.xib in Resources */,
				F0EFB32F25C297D8005445C7 /* Main.storyboard in Resources */,
				F0EFB34825C29A24005445C7 /* ListTableViewCell.xib in Resources */,
			);
			runOnlyForDeploymentPostprocessing = 0;
		};
/* End PBXResourcesBuildPhase section */

/* Begin PBXShellScriptBuildPhase section */
		2D6C1A29A90E7792FA09B0D6 /* [CP] Embed Pods Frameworks */ = {
			isa = PBXShellScriptBuildPhase;
			buildActionMask = 2147483647;
			files = (
			);
			inputFileListPaths = (
				"${PODS_ROOT}/Target Support Files/Pods-Arabamcom-iOS-Assignment/Pods-Arabamcom-iOS-Assignment-frameworks-${CONFIGURATION}-input-files.xcfilelist",
			);
			name = "[CP] Embed Pods Frameworks";
			outputFileListPaths = (
				"${PODS_ROOT}/Target Support Files/Pods-Arabamcom-iOS-Assignment/Pods-Arabamcom-iOS-Assignment-frameworks-${CONFIGURATION}-output-files.xcfilelist",
			);
			runOnlyForDeploymentPostprocessing = 0;
			shellPath = /bin/sh;
			shellScript = "\"${PODS_ROOT}/Target Support Files/Pods-Arabamcom-iOS-Assignment/Pods-Arabamcom-iOS-Assignment-frameworks.sh\"\n";
			showEnvVarsInLog = 0;
		};
		4E0F54EDC7917A131CAFFDF4 /* [CP] Check Pods Manifest.lock */ = {
			isa = PBXShellScriptBuildPhase;
			buildActionMask = 2147483647;
			files = (
			);
			inputFileListPaths = (
			);
			inputPaths = (
				"${PODS_PODFILE_DIR_PATH}/Podfile.lock",
				"${PODS_ROOT}/Manifest.lock",
			);
			name = "[CP] Check Pods Manifest.lock";
			outputFileListPaths = (
			);
			outputPaths = (
				"$(DERIVED_FILE_DIR)/Pods-Arabamcom-iOS-Assignment-checkManifestLockResult.txt",
			);
			runOnlyForDeploymentPostprocessing = 0;
			shellPath = /bin/sh;
			shellScript = "diff \"${PODS_PODFILE_DIR_PATH}/Podfile.lock\" \"${PODS_ROOT}/Manifest.lock\" > /dev/null\nif [ $? != 0 ] ; then\n    # print error to STDERR\n    echo \"error: The sandbox is not in sync with the Podfile.lock. Run 'pod install' or update your CocoaPods installation.\" >&2\n    exit 1\nfi\n# This output is used by Xcode 'outputs' to avoid re-running this script phase.\necho \"SUCCESS\" > \"${SCRIPT_OUTPUT_FILE_0}\"\n";
			showEnvVarsInLog = 0;
		};
/* End PBXShellScriptBuildPhase section */

/* Begin PBXSourcesBuildPhase section */
		F0EFB32025C297D8005445C7 /* Sources */ = {
			isa = PBXSourcesBuildPhase;
			buildActionMask = 2147483647;
			files = (
				F010DA4725C5568300DC5F74 /* UIView+Extensions.swift in Sources */,
				F0EFB35E25C2E4F9005445C7 /* ListViewModel.swift in Sources */,
				F010DA7525C736CD00DC5F74 /* CollectionViewModel.swift in Sources */,
				F010DA6E25C7346500DC5F74 /* ImageTableHeaderCollectionView.swift in Sources */,
				F0EFB35925C2B715005445C7 /* NetworkConstants.swift in Sources */,
				F010DA7925C8015800DC5F74 /* FullScreenViewController.swift in Sources */,
				F010DA7E25C8038400DC5F74 /* FullscreenCollectionViewCell.swift in Sources */,
				F010DA6225C606F500DC5F74 /* DetailViewModel.swift in Sources */,
				F010DA7225C735B500DC5F74 /* CollectionViewCell.swift in Sources */,
				F010DA8125C80CEF00DC5F74 /* ResolutionManager.swift in Sources */,
				F010DA4925C56C7100DC5F74 /* UIBarButtonItem+Extensions.swift in Sources */,
				F0EFB34725C29A24005445C7 /* ListTableViewCell.swift in Sources */,
				F0301ED325C4478300B16166 /* ContentViewController.swift in Sources */,
				F010DA6925C6F11800DC5F74 /* StringProtocol+Extensions.swift in Sources */,
				F0EFB35725C2B3D2005445C7 /* VehicleRouter.swift in Sources */,
				F010DA6525C6083500DC5F74 /* FormatterManager.swift in Sources */,
				F0301ED725C44B1100B16166 /* MyFloatingPanelLayout.swift in Sources */,
				F0301EDE25C44DEB00B16166 /* ListViewController.swift in Sources */,
				F010DA4B25C59F0900DC5F74 /* Date+Extensions.swift in Sources */,
				F0EFB35225C2B23E005445C7 /* VehiclesListModel.swift in Sources */,
				F0EFB32825C297D8005445C7 /* AppDelegate.swift in Sources */,
				F010DA4F25C5F84E00DC5F74 /* DetailTableViewController.swift in Sources */,
				F0301EDA25C44BC400B16166 /* FloatingPanel+Extensions.swift in Sources */,
				F0EFB35525C2B30C005445C7 /* ServiceClient.swift in Sources */,
				F0EFB35025C2B228005445C7 /* VehicleDetailModel.swift in Sources */,
				F010DA6725C6EF2400DC5F74 /* Data+Extensions.swift in Sources */,
				F0EFB35B25C2BDDF005445C7 /* VehicleClient.swift in Sources */,
				F010DA5E25C5FE5700DC5F74 /* DetailTableViewCell.swift in Sources */,
			);
			runOnlyForDeploymentPostprocessing = 0;
		};
/* End PBXSourcesBuildPhase section */

/* Begin PBXVariantGroup section */
		F0EFB32D25C297D8005445C7 /* Main.storyboard */ = {
			isa = PBXVariantGroup;
			children = (
				F0EFB32E25C297D8005445C7 /* Base */,
			);
			name = Main.storyboard;
			sourceTree = "<group>";
		};
		F0EFB33225C297DA005445C7 /* LaunchScreen.storyboard */ = {
			isa = PBXVariantGroup;
			children = (
				F0EFB33325C297DA005445C7 /* Base */,
			);
			name = LaunchScreen.storyboard;
			sourceTree = "<group>";
		};
/* End PBXVariantGroup section */

/* Begin XCBuildConfiguration section */
		F0EFB33625C297DA005445C7 /* Debug */ = {
			isa = XCBuildConfiguration;
			buildSettings = {
				ALWAYS_SEARCH_USER_PATHS = NO;
				CLANG_ANALYZER_NONNULL = YES;
				CLANG_ANALYZER_NUMBER_OBJECT_CONVERSION = YES_AGGRESSIVE;
				CLANG_CXX_LANGUAGE_STANDARD = "gnu++14";
				CLANG_CXX_LIBRARY = "libc++";
				CLANG_ENABLE_MODULES = YES;
				CLANG_ENABLE_OBJC_ARC = YES;
				CLANG_ENABLE_OBJC_WEAK = YES;
				CLANG_WARN_BLOCK_CAPTURE_AUTORELEASING = YES;
				CLANG_WARN_BOOL_CONVERSION = YES;
				CLANG_WARN_COMMA = YES;
				CLANG_WARN_CONSTANT_CONVERSION = YES;
				CLANG_WARN_DEPRECATED_OBJC_IMPLEMENTATIONS = YES;
				CLANG_WARN_DIRECT_OBJC_ISA_USAGE = YES_ERROR;
				CLANG_WARN_DOCUMENTATION_COMMENTS = YES;
				CLANG_WARN_EMPTY_BODY = YES;
				CLANG_WARN_ENUM_CONVERSION = YES;
				CLANG_WARN_INFINITE_RECURSION = YES;
				CLANG_WARN_INT_CONVERSION = YES;
				CLANG_WARN_NON_LITERAL_NULL_CONVERSION = YES;
				CLANG_WARN_OBJC_IMPLICIT_RETAIN_SELF = YES;
				CLANG_WARN_OBJC_LITERAL_CONVERSION = YES;
				CLANG_WARN_OBJC_ROOT_CLASS = YES_ERROR;
				CLANG_WARN_RANGE_LOOP_ANALYSIS = YES;
				CLANG_WARN_STRICT_PROTOTYPES = YES;
				CLANG_WARN_SUSPICIOUS_MOVE = YES;
				CLANG_WARN_UNGUARDED_AVAILABILITY = YES_AGGRESSIVE;
				CLANG_WARN_UNREACHABLE_CODE = YES;
				CLANG_WARN__DUPLICATE_METHOD_MATCH = YES;
				COPY_PHASE_STRIP = NO;
				DEBUG_INFORMATION_FORMAT = dwarf;
				ENABLE_STRICT_OBJC_MSGSEND = YES;
				ENABLE_TESTABILITY = YES;
				GCC_C_LANGUAGE_STANDARD = gnu11;
				GCC_DYNAMIC_NO_PIC = NO;
				GCC_NO_COMMON_BLOCKS = YES;
				GCC_OPTIMIZATION_LEVEL = 0;
				GCC_PREPROCESSOR_DEFINITIONS = (
					"DEBUG=1",
					"$(inherited)",
				);
				GCC_WARN_64_TO_32_BIT_CONVERSION = YES;
				GCC_WARN_ABOUT_RETURN_TYPE = YES_ERROR;
				GCC_WARN_UNDECLARED_SELECTOR = YES;
				GCC_WARN_UNINITIALIZED_AUTOS = YES_AGGRESSIVE;
				GCC_WARN_UNUSED_FUNCTION = YES;
				GCC_WARN_UNUSED_VARIABLE = YES;
				IPHONEOS_DEPLOYMENT_TARGET = 13.7;
				MTL_ENABLE_DEBUG_INFO = INCLUDE_SOURCE;
				MTL_FAST_MATH = YES;
				ONLY_ACTIVE_ARCH = YES;
				SDKROOT = iphoneos;
				SWIFT_ACTIVE_COMPILATION_CONDITIONS = DEBUG;
				SWIFT_OPTIMIZATION_LEVEL = "-Onone";
			};
			name = Debug;
		};
		F0EFB33725C297DA005445C7 /* Release */ = {
			isa = XCBuildConfiguration;
			buildSettings = {
				ALWAYS_SEARCH_USER_PATHS = NO;
				CLANG_ANALYZER_NONNULL = YES;
				CLANG_ANALYZER_NUMBER_OBJECT_CONVERSION = YES_AGGRESSIVE;
				CLANG_CXX_LANGUAGE_STANDARD = "gnu++14";
				CLANG_CXX_LIBRARY = "libc++";
				CLANG_ENABLE_MODULES = YES;
				CLANG_ENABLE_OBJC_ARC = YES;
				CLANG_ENABLE_OBJC_WEAK = YES;
				CLANG_WARN_BLOCK_CAPTURE_AUTORELEASING = YES;
				CLANG_WARN_BOOL_CONVERSION = YES;
				CLANG_WARN_COMMA = YES;
				CLANG_WARN_CONSTANT_CONVERSION = YES;
				CLANG_WARN_DEPRECATED_OBJC_IMPLEMENTATIONS = YES;
				CLANG_WARN_DIRECT_OBJC_ISA_USAGE = YES_ERROR;
				CLANG_WARN_DOCUMENTATION_COMMENTS = YES;
				CLANG_WARN_EMPTY_BODY = YES;
				CLANG_WARN_ENUM_CONVERSION = YES;
				CLANG_WARN_INFINITE_RECURSION = YES;
				CLANG_WARN_INT_CONVERSION = YES;
				CLANG_WARN_NON_LITERAL_NULL_CONVERSION = YES;
				CLANG_WARN_OBJC_IMPLICIT_RETAIN_SELF = YES;
				CLANG_WARN_OBJC_LITERAL_CONVERSION = YES;
				CLANG_WARN_OBJC_ROOT_CLASS = YES_ERROR;
				CLANG_WARN_RANGE_LOOP_ANALYSIS = YES;
				CLANG_WARN_STRICT_PROTOTYPES = YES;
				CLANG_WARN_SUSPICIOUS_MOVE = YES;
				CLANG_WARN_UNGUARDED_AVAILABILITY = YES_AGGRESSIVE;
				CLANG_WARN_UNREACHABLE_CODE = YES;
				CLANG_WARN__DUPLICATE_METHOD_MATCH = YES;
				COPY_PHASE_STRIP = NO;
				DEBUG_INFORMATION_FORMAT = "dwarf-with-dsym";
				ENABLE_NS_ASSERTIONS = NO;
				ENABLE_STRICT_OBJC_MSGSEND = YES;
				GCC_C_LANGUAGE_STANDARD = gnu11;
				GCC_NO_COMMON_BLOCKS = YES;
				GCC_WARN_64_TO_32_BIT_CONVERSION = YES;
				GCC_WARN_ABOUT_RETURN_TYPE = YES_ERROR;
				GCC_WARN_UNDECLARED_SELECTOR = YES;
				GCC_WARN_UNINITIALIZED_AUTOS = YES_AGGRESSIVE;
				GCC_WARN_UNUSED_FUNCTION = YES;
				GCC_WARN_UNUSED_VARIABLE = YES;
				IPHONEOS_DEPLOYMENT_TARGET = 13.7;
				MTL_ENABLE_DEBUG_INFO = NO;
				MTL_FAST_MATH = YES;
				SDKROOT = iphoneos;
				SWIFT_COMPILATION_MODE = wholemodule;
				SWIFT_OPTIMIZATION_LEVEL = "-O";
				VALIDATE_PRODUCT = YES;
			};
			name = Release;
		};
		F0EFB33925C297DA005445C7 /* Debug */ = {
			isa = XCBuildConfiguration;
			baseConfigurationReference = 3E6DC78C9D85AEA1EDFBB0BA /* Pods-Arabamcom-iOS-Assignment.debug.xcconfig */;
			buildSettings = {
				ASSETCATALOG_COMPILER_APPICON_NAME = AppIcon;
				CODE_SIGN_STYLE = Automatic;
				DEVELOPMENT_TEAM = 469549YA8R;
				INFOPLIST_FILE = "Arabamcom-iOS-Assignment/Info.plist";
				IPHONEOS_DEPLOYMENT_TARGET = 11.0;
				LD_RUNPATH_SEARCH_PATHS = (
					"$(inherited)",
					"@executable_path/Frameworks",
				);
				PRODUCT_BUNDLE_IDENTIFIER = "com.Mehmet.Arabamcom-iOS-Assignment";
				PRODUCT_NAME = "$(TARGET_NAME)";
				SWIFT_VERSION = 5.0;
				TARGETED_DEVICE_FAMILY = "1,2";
			};
			name = Debug;
		};
		F0EFB33A25C297DA005445C7 /* Release */ = {
			isa = XCBuildConfiguration;
			baseConfigurationReference = 57995A92BF228C9E9FC0EB40 /* Pods-Arabamcom-iOS-Assignment.release.xcconfig */;
			buildSettings = {
				ASSETCATALOG_COMPILER_APPICON_NAME = AppIcon;
				CODE_SIGN_STYLE = Automatic;
				DEVELOPMENT_TEAM = 469549YA8R;
				INFOPLIST_FILE = "Arabamcom-iOS-Assignment/Info.plist";
				IPHONEOS_DEPLOYMENT_TARGET = 11.0;
				LD_RUNPATH_SEARCH_PATHS = (
					"$(inherited)",
					"@executable_path/Frameworks",
				);
				PRODUCT_BUNDLE_IDENTIFIER = "com.Mehmet.Arabamcom-iOS-Assignment";
				PRODUCT_NAME = "$(TARGET_NAME)";
				SWIFT_VERSION = 5.0;
				TARGETED_DEVICE_FAMILY = "1,2";
			};
			name = Release;
		};
/* End XCBuildConfiguration section */

/* Begin XCConfigurationList section */
		F0EFB31F25C297D8005445C7 /* Build configuration list for PBXProject "Arabamcom-iOS-Assignment" */ = {
			isa = XCConfigurationList;
			buildConfigurations = (
				F0EFB33625C297DA005445C7 /* Debug */,
				F0EFB33725C297DA005445C7 /* Release */,
			);
			defaultConfigurationIsVisible = 0;
			defaultConfigurationName = Release;
		};
		F0EFB33825C297DA005445C7 /* Build configuration list for PBXNativeTarget "Arabamcom-iOS-Assignment" */ = {
			isa = XCConfigurationList;
			buildConfigurations = (
				F0EFB33925C297DA005445C7 /* Debug */,
				F0EFB33A25C297DA005445C7 /* Release */,
			);
			defaultConfigurationIsVisible = 0;
			defaultConfigurationName = Release;
		};
/* End XCConfigurationList section */
	};
	rootObject = F0EFB31C25C297D8005445C7 /* Project object */;
}
